
Microsoft Visual Studio Solution File, Format Version 12.00
# Visual Studio Version 16
VisualStudioVersion = 16.0.31624.102
MinimumVisualStudioVersion = 10.0.40219.1
Project("{FAE04EC0-301F-11D3-BF4B-00C04F79EFBC}") = "DopZadanie", "DopZadanie\DopZadanie.csproj", "{FBA03BAE-D811-42A8-A339-07E12F77B89D}"
EndProject
Global
	GlobalSection(SolutionConfigurationPlatforms) = preSolution
		Debug|Any CPU = Debug|Any CPU
		Release|Any CPU = Release|Any CPU
	EndGlobalSection
	GlobalSection(ProjectConfigurationPlatforms) = postSolution
		{FBA03BAE-D811-42A8-A339-07E12F77B89D}.Debug|Any CPU.ActiveCfg = Debug|Any CPU
		{FBA03BAE-D811-42A8-A339-07E12F77B89D}.Debug|Any CPU.Build.0 = Debug|Any CPU
		{FBA03BAE-D811-42A8-A339-07E12F77B89D}.Release|Any CPU.ActiveCfg = Release|Any CPU
		{FBA03BAE-D811-42A8-A339-07E12F77B89D}.Release|Any CPU.Build.0 = Release|Any CPU
	EndGlobalSection
	GlobalSection(SolutionProperties) = preSolution
		HideSolutionNode = FALSE
	EndGlobalSection
	GlobalSection(ExtensibilityGlobals) = postSolution
		SolutionGuid = {49613159-468A-4710-BB05-10AFEBD3ACB1}
	EndGlobalSection
EndGlobal
